
Microsoft Visual Studio Solution File, Format Version 12.00
# Visual Studio Version 17
VisualStudioVersion = 17.0.32014.148
MinimumVisualStudioVersion = 10.0.40219.1
Project("{9A19103F-16F7-4668-BE54-9A1E7A4F7556}") = "Services", "Services\Services.csproj", "{89AFDB26-024E-496E-9B29-F9767D2021CC}"
EndProject
Project("{9A19103F-16F7-4668-BE54-9A1E7A4F7556}") = "DataAccess", "DataAccess\DataAccess.csproj", "{FDE793A6-7010-40DB-812A-DCAA29201997}"
EndProject
Project("{9A19103F-16F7-4668-BE54-9A1E7A4F7556}") = "Models", "Models\Models.csproj", "{874779AF-C2F0-445D-91F4-5ED0EF178AA0}"
EndProject
Project("{9A19103F-16F7-4668-BE54-9A1E7A4F7556}") = "UI", "UI\UI.csproj", "{238DD1DC-8D19-4DD2-A8E9-EAE19F8B4ACA}"
EndProject
Project("{FAE04EC0-301F-11D3-BF4B-00C04F79EFBC}") = "WebAPI", "WebAPI\WebAPI.csproj", "{450E9052-2D6B-4B3D-9A13-68C2F92E101B}"
EndProject
Global
	GlobalSection(SolutionConfigurationPlatforms) = preSolution
		Debug|Any CPU = Debug|Any CPU
		Release|Any CPU = Release|Any CPU
	EndGlobalSection
	GlobalSection(ProjectConfigurationPlatforms) = postSolution
		{89AFDB26-024E-496E-9B29-F9767D2021CC}.Debug|Any CPU.ActiveCfg = Debug|Any CPU
		{89AFDB26-024E-496E-9B29-F9767D2021CC}.Debug|Any CPU.Build.0 = Debug|Any CPU
		{89AFDB26-024E-496E-9B29-F9767D2021CC}.Release|Any CPU.ActiveCfg = Release|Any CPU
		{89AFDB26-024E-496E-9B29-F9767D2021CC}.Release|Any CPU.Build.0 = Release|Any CPU
		{FDE793A6-7010-40DB-812A-DCAA29201997}.Debug|Any CPU.ActiveCfg = Debug|Any CPU
		{FDE793A6-7010-40DB-812A-DCAA29201997}.Debug|Any CPU.Build.0 = Debug|Any CPU
		{FDE793A6-7010-40DB-812A-DCAA29201997}.Release|Any CPU.ActiveCfg = Release|Any CPU
		{FDE793A6-7010-40DB-812A-DCAA29201997}.Release|Any CPU.Build.0 = Release|Any CPU
		{874779AF-C2F0-445D-91F4-5ED0EF178AA0}.Debug|Any CPU.ActiveCfg = Debug|Any CPU
		{874779AF-C2F0-445D-91F4-5ED0EF178AA0}.Debug|Any CPU.Build.0 = Debug|Any CPU
		{874779AF-C2F0-445D-91F4-5ED0EF178AA0}.Release|Any CPU.ActiveCfg = Release|Any CPU
		{874779AF-C2F0-445D-91F4-5ED0EF178AA0}.Release|Any CPU.Build.0 = Release|Any CPU
		{238DD1DC-8D19-4DD2-A8E9-EAE19F8B4ACA}.Debug|Any CPU.ActiveCfg = Debug|Any CPU
		{238DD1DC-8D19-4DD2-A8E9-EAE19F8B4ACA}.Debug|Any CPU.Build.0 = Debug|Any CPU
		{238DD1DC-8D19-4DD2-A8E9-EAE19F8B4ACA}.Release|Any CPU.ActiveCfg = Release|Any CPU
		{238DD1DC-8D19-4DD2-A8E9-EAE19F8B4ACA}.Release|Any CPU.Build.0 = Release|Any CPU
		{450E9052-2D6B-4B3D-9A13-68C2F92E101B}.Debug|Any CPU.ActiveCfg = Debug|Any CPU
		{450E9052-2D6B-4B3D-9A13-68C2F92E101B}.Debug|Any CPU.Build.0 = Debug|Any CPU
		{450E9052-2D6B-4B3D-9A13-68C2F92E101B}.Release|Any CPU.ActiveCfg = Release|Any CPU
		{450E9052-2D6B-4B3D-9A13-68C2F92E101B}.Release|Any CPU.Build.0 = Release|Any CPU
	EndGlobalSection
	GlobalSection(SolutionProperties) = preSolution
		HideSolutionNode = FALSE
	EndGlobalSection
	GlobalSection(ExtensibilityGlobals) = postSolution
		SolutionGuid = {1A60923B-DFE1-4276-AFF1-CAB699E34E76}
	EndGlobalSection
EndGlobal
